{
  "nodes": {
    "cachyos-kernel": {
      "flake": false,
      "locked": {
        "lastModified": 1769780135,
        "narHash": "sha256-4U/BvhiP1PJcI3bRYkIeNVio71BnkzVrUdTUqzBxjXo=",
        "owner": "CachyOS",
        "repo": "linux-cachyos",
        "rev": "1acd46cdeb2598f0300b6d7141d47edbf63772cc",
        "type": "github"
      },
      "original": {
        "owner": "CachyOS",
        "repo": "linux-cachyos",
        "type": "github"
      }
    },
    "cachyos-kernel-patches": {
      "flake": false,
      "locked": {
        "lastModified": 1769798075,
        "narHash": "sha256-KvUqpAeRCYTyxM5s+bBmRjfWKtVo6BrewjIXBljx934=",
        "owner": "CachyOS",
        "repo": "kernel-patches",
        "rev": "c17bb53437f0b7aa2199c429eadfc204caa7cd8c",
        "type": "github"
      },
      "original": {
        "owner": "CachyOS",
        "repo": "kernel-patches",
        "type": "github"
      }
    },
    "elephant": {
      "inputs": {
        "nixpkgs": [
          "nixpkgs"
        ],
        "systems": "systems"
      },
      "locked": {
        "lastModified": 1767747007,
        "narHash": "sha256-7Tm4wthdbPJIx5/Ockf1rCiALh4hGlRNkqoX8i7yxec=",
        "owner": "jbms",
        "repo": "elephant",
        "rev": "ccb33c7f4a07a575e25020e1c558cc2ca61a7c86",
        "type": "github"
      },
      "original": {
        "owner": "jbms",
        "ref": "fix-vendor-hash",
        "repo": "elephant",
        "type": "github"
      }
    },
    "flake-compat": {
      "flake": false,
      "locked": {
        "lastModified": 1767039857,
        "narHash": "sha256-vNpUSpF5Nuw8xvDLj2KCwwksIbjua2LZCqhV1LNRDns=",
        "owner": "NixOS",
        "repo": "flake-compat",
        "rev": "5edf11c44bc78a0d334f6334cdaf7d60d732daab",
        "type": "github"
      },
      "original": {
        "owner": "NixOS",
        "repo": "flake-compat",
        "type": "github"
      }
    },
    "flake-parts": {
      "inputs": {
        "nixpkgs-lib": [
          "icedos-github_icedos_cosmic-default-cosmic-manager",
          "nixpkgs"
        ]
      },
      "locked": {
        "lastModified": 1759362264,
        "narHash": "sha256-wfG0S7pltlYyZTM+qqlhJ7GMw2fTF4mLKCIVhLii/4M=",
        "owner": "hercules-ci",
        "repo": "flake-parts",
        "rev": "758cf7296bee11f1706a574c77d072b8a7baa881",
        "type": "github"
      },
      "original": {
        "owner": "hercules-ci",
        "repo": "flake-parts",
        "type": "github"
      }
    },
    "flake-parts_2": {
      "inputs": {
        "nixpkgs-lib": "nixpkgs-lib"
      },
      "locked": {
        "lastModified": 1768135262,
        "narHash": "sha256-PVvu7OqHBGWN16zSi6tEmPwwHQ4rLPU9Plvs8/1TUBY=",
        "owner": "hercules-ci",
        "repo": "flake-parts",
        "rev": "80daad04eddbbf5a4d883996a73f3f542fa437ac",
        "type": "github"
      },
      "original": {
        "owner": "hercules-ci",
        "repo": "flake-parts",
        "type": "github"
      }
    },
    "flake-parts_3": {
      "inputs": {
        "nixpkgs-lib": [
          "nur",
          "nixpkgs"
        ]
      },
      "locked": {
        "lastModified": 1733312601,
        "narHash": "sha256-4pDvzqnegAfRkPwO3wmwBhVi/Sye1mzps0zHWYnP88c=",
        "owner": "hercules-ci",
        "repo": "flake-parts",
        "rev": "205b12d8b7cd4802fbcb8e8ef6a0f1408781a4f9",
        "type": "github"
      },
      "original": {
        "owner": "hercules-ci",
        "repo": "flake-parts",
        "type": "github"
      }
    },
    "home-manager": {
      "inputs": {
        "nixpkgs": [
          "nixpkgs"
        ]
      },
      "locked": {
        "lastModified": 1769952507,
        "narHash": "sha256-eNTfxT3v8b7s1dqswgposi5Y1CUMoOUhQKiy29QY25U=",
        "owner": "nix-community",
        "repo": "home-manager",
        "rev": "b59376563943ce163b2553aeb63d0c170967d74e",
        "type": "github"
      },
      "original": {
        "owner": "nix-community",
        "repo": "home-manager",
        "type": "github"
      }
    },
    "icedos": {
      "inputs": {
        "nixpkgs": "nixpkgs"
      },
      "locked": {
        "lastModified": 1769969567,
        "narHash": "sha256-TtJTojDXD9tYjmcyLOYIYCBMlA4uz6ICkt0ku/cibZc=",
        "owner": "icedos",
        "repo": "core",
        "rev": "341ce19e672ae812947f7575eaff84267e0d12de",
        "type": "github"
      },
      "original": {
        "owner": "icedos",
        "repo": "core",
        "type": "github"
      }
    },
    "icedos-config": {
      "inputs": {
        "icedos": "icedos"
      },
      "locked": {
        "lastModified": 1769974293,
        "narHash": "sha256-D9P5bfEn8nnHV8LnOqJGnJVzOA+Fz6jnpgv5H7ddgxA=",
        "path": "/home/ice/.code/icedos/config",
        "type": "path"
      },
      "original": {
        "path": "/home/ice/.code/icedos/config",
        "type": "path"
      }
    },
    "icedos-github_icedos_apps": {
      "locked": {
        "lastModified": 1769877893,
        "narHash": "sha256-RuLvjvllv6tEiyyy3AfSoPOudm9MxyBx/oAq+pBCpvc=",
        "owner": "icedos",
        "repo": "apps",
        "rev": "175a0f8e3557cdf2b72d574ce257be820596aaf3",
        "type": "github"
      },
      "original": {
        "owner": "icedos",
        "repo": "apps",
        "rev": "175a0f8e3557cdf2b72d574ce257be820596aaf3",
        "type": "github"
      }
    },
    "icedos-github_icedos_apps-celluloid-celluloid-shader": {
      "flake": false,
      "locked": {
        "lastModified": 1,
        "narHash": "sha256-Y/pZSV0PGDjswJKdzpdrOZUORD2ALV7xIh0RahLOSj0=",
        "path": "/nix/store/5zcj323fgw0vxx0nhgvp45yxrwikm0c6-FSR.glsl",
        "type": "path"
      },
      "original": {
        "path": "/nix/store/5zcj323fgw0vxx0nhgvp45yxrwikm0c6-FSR.glsl",
        "type": "path"
      }
    },
    "icedos-github_icedos_apps-proton-launch-scopebuddy": {
      "inputs": {
        "nixpkgs": [
          "nixpkgs"
        ]
      },
      "locked": {
        "lastModified": 1769851037,
        "narHash": "sha256-1n1lZidbtDV9Lm8QKd1s35bOS6Uh8sI3KtBJZ+FwdxQ=",
        "owner": "HikariKnight",
        "repo": "ScopeBuddy",
        "rev": "4340ab2047eb9d7f840d342b932d98a8d0f7f652",
        "type": "github"
      },
      "original": {
        "owner": "HikariKnight",
        "repo": "ScopeBuddy",
        "type": "github"
      }
    },
    "icedos-github_icedos_apps-walker-walker": {
      "inputs": {
        "elephant": [
          "elephant"
        ],
        "nixpkgs": [
          "nixpkgs"
        ],
        "systems": "systems_2"
      },
      "locked": {
        "lastModified": 1769093508,
        "narHash": "sha256-ccwJ1ADGNFd5LDF2JWdfP7+f1Hs2EvJ+2o6sUOdYi7w=",
        "owner": "abenz1267",
        "repo": "walker",
        "rev": "e427025bdda667712b08dd56f1a0a23667f1364c",
        "type": "github"
      },
      "original": {
        "owner": "abenz1267",
        "repo": "walker",
        "type": "github"
      }
    },
    "icedos-github_icedos_cosmic": {
      "locked": {
        "lastModified": 1769087771,
        "narHash": "sha256-qW35WTbz+UZa87ahbLF33nNEV56znD5PEBxuPo13x7s=",
        "owner": "icedos",
        "repo": "cosmic",
        "rev": "3110d2f9f5f5d5ac4188c23d840ec6626366c546",
        "type": "github"
      },
      "original": {
        "owner": "icedos",
        "repo": "cosmic",
        "rev": "3110d2f9f5f5d5ac4188c23d840ec6626366c546",
        "type": "github"
      }
    },
    "icedos-github_icedos_cosmic-default-cosmic-manager": {
      "inputs": {
        "flake-parts": "flake-parts",
        "home-manager": [
          "home-manager"
        ],
        "nixpkgs": [
          "nixpkgs"
        ]
      },
      "locked": {
        "lastModified": 1765831383,
        "narHash": "sha256-P5F/VPjjGw7s0AOTPb3z3gxqtH0YkAnd/c9P6QdWrEU=",
        "owner": "HeitorAugustoLN",
        "repo": "cosmic-manager",
        "rev": "819d4d21fb90460dd11416d81d2cff65a53b8a59",
        "type": "github"
      },
      "original": {
        "owner": "HeitorAugustoLN",
        "repo": "cosmic-manager",
        "type": "github"
      }
    },
    "icedos-github_icedos_desktop": {
      "locked": {
        "lastModified": 1768398660,
        "narHash": "sha256-rDxiL421oDXSqiBjQpfOF1iVUi8xBFBRH42y5j6RhpY=",
        "owner": "icedos",
        "repo": "desktop",
        "rev": "b04d1c10c6687303f06c2ead493ffa547142e4f1",
        "type": "github"
      },
      "original": {
        "owner": "icedos",
        "repo": "desktop",
        "rev": "b04d1c10c6687303f06c2ead493ffa547142e4f1",
        "type": "github"
      }
    },
    "icedos-github_icedos_hardware": {
      "locked": {
        "lastModified": 1769888644,
        "narHash": "sha256-CefehSGCCVQwpB3X7hOoVNBK4kR1MAgMmpXU2GuhIgo=",
        "owner": "icedos",
        "repo": "hardware",
        "rev": "f4c2eb72ee6745ea6cf1120abe3c26f60075de2a",
        "type": "github"
      },
      "original": {
        "owner": "icedos",
        "repo": "hardware",
        "rev": "f4c2eb72ee6745ea6cf1120abe3c26f60075de2a",
        "type": "github"
      }
    },
    "icedos-github_icedos_hardware-cachyos-kernel-nix-cachyos-kernel": {
      "inputs": {
        "cachyos-kernel": "cachyos-kernel",
        "cachyos-kernel-patches": "cachyos-kernel-patches",
        "flake-compat": "flake-compat",
        "flake-parts": "flake-parts_2",
        "nixpkgs": "nixpkgs_2"
      },
      "locked": {
        "lastModified": 1769881983,
        "narHash": "sha256-0JntMLEjuefUkk/kgmrLAmBcKqduBSLRuOX22rFGK/E=",
        "owner": "xddxdd",
        "repo": "nix-cachyos-kernel",
        "rev": "6d28de311a89aaa6b9d15839318e680b8b383802",
        "type": "github"
      },
      "original": {
        "owner": "xddxdd",
        "ref": "release",
        "repo": "nix-cachyos-kernel",
        "type": "github"
      }
    },
    "icedos-github_icedos_providers": {
      "locked": {
        "lastModified": 1766481728,
        "narHash": "sha256-r1XdQMkluHS5Mo67ytQFAcp/iilokcGYzRb2dfxKtr8=",
        "owner": "icedos",
        "repo": "providers",
        "rev": "c1a5aa2f9cdfd58f0c58ea78a4905c6afa9c373e",
        "type": "github"
      },
      "original": {
        "owner": "icedos",
        "repo": "providers",
        "rev": "c1a5aa2f9cdfd58f0c58ea78a4905c6afa9c373e",
        "type": "github"
      }
    },
    "icedos-github_icedos_tweaks": {
      "locked": {
        "lastModified": 1769816016,
        "narHash": "sha256-ZD52DkEoUPwsfgy2zcYfL+mDEDbgF++qlM6wZthL+Wo=",
        "owner": "icedos",
        "repo": "tweaks",
        "rev": "b73911a16e86fb8c075ea413fced1b4e78ded179",
        "type": "github"
      },
      "original": {
        "owner": "icedos",
        "repo": "tweaks",
        "rev": "b73911a16e86fb8c075ea413fced1b4e78ded179",
        "type": "github"
      }
    },
    "icedos-state": {
      "flake": false,
      "locked": {
        "lastModified": 1,
        "narHash": "sha256-xPvuCkc4jmiDH4Ccey441m/bRN4fw9uTtiWSq0HKD94=",
        "path": "/nix/store/2l5hwvv76crrz2nsgaba1mrgiq5g6299-icedos",
        "type": "path"
      },
      "original": {
        "path": "/nix/store/2l5hwvv76crrz2nsgaba1mrgiq5g6299-icedos",
        "type": "path"
      }
    },
    "nixpkgs": {
      "locked": {
        "lastModified": 1769740369,
        "narHash": "sha256-xKPyJoMoXfXpDM5DFDZDsi9PHArf2k5BJjvReYXoFpM=",
        "owner": "NixOS",
        "repo": "nixpkgs",
        "rev": "6308c3b21396534d8aaeac46179c14c439a89b8a",
        "type": "github"
      },
      "original": {
        "owner": "NixOS",
        "ref": "nixpkgs-unstable",
        "repo": "nixpkgs",
        "type": "github"
      }
    },
    "nixpkgs-lib": {
      "locked": {
        "lastModified": 1765674936,
        "narHash": "sha256-k00uTP4JNfmejrCLJOwdObYC9jHRrr/5M/a/8L2EIdo=",
        "owner": "nix-community",
        "repo": "nixpkgs.lib",
        "rev": "2075416fcb47225d9b68ac469a5c4801a9c4dd85",
        "type": "github"
      },
      "original": {
        "owner": "nix-community",
        "repo": "nixpkgs.lib",
        "type": "github"
      }
    },
    "nixpkgs_2": {
      "locked": {
        "lastModified": 1769857600,
        "narHash": "sha256-OD08gxDrlLYQQSKzM1lprIYBbzE69E+p0JYImLUNbHk=",
        "owner": "NixOS",
        "repo": "nixpkgs",
        "rev": "fbecbb2032376ee9bd3e95c14a3b070cf3f4e079",
        "type": "github"
      },
      "original": {
        "owner": "NixOS",
        "ref": "nixos-unstable-small",
        "repo": "nixpkgs",
        "type": "github"
      }
    },
    "nixpkgs_3": {
      "locked": {
        "lastModified": 1769789167,
        "narHash": "sha256-kKB3bqYJU5nzYeIROI82Ef9VtTbu4uA3YydSk/Bioa8=",
        "owner": "nixos",
        "repo": "nixpkgs",
        "rev": "62c8382960464ceb98ea593cb8321a2cf8f9e3e5",
        "type": "github"
      },
      "original": {
        "owner": "nixos",
        "ref": "nixos-unstable",
        "repo": "nixpkgs",
        "type": "github"
      }
    },
    "nur": {
      "inputs": {
        "flake-parts": "flake-parts_3",
        "nixpkgs": [
          "nixpkgs"
        ]
      },
      "locked": {
        "lastModified": 1769968490,
        "narHash": "sha256-z2fbTh8x8mRGCnnGgbdSk9ZzpCHrysET+tj0idpseTw=",
        "owner": "nix-community",
        "repo": "nur",
        "rev": "83d89a5b2a41452e2084bdde6e0a7c254f21f10d",
        "type": "github"
      },
      "original": {
        "owner": "nix-community",
        "repo": "nur",
        "type": "github"
      }
    },
    "root": {
      "inputs": {
        "elephant": "elephant",
        "home-manager": "home-manager",
        "icedos-config": "icedos-config",
        "icedos-core": [
          "icedos-config",
          "icedos"
        ],
        "icedos-github_icedos_apps": "icedos-github_icedos_apps",
        "icedos-github_icedos_apps-celluloid-celluloid-shader": "icedos-github_icedos_apps-celluloid-celluloid-shader",
        "icedos-github_icedos_apps-proton-launch-scopebuddy": "icedos-github_icedos_apps-proton-launch-scopebuddy",
        "icedos-github_icedos_apps-walker-walker": "icedos-github_icedos_apps-walker-walker",
        "icedos-github_icedos_cosmic": "icedos-github_icedos_cosmic",
        "icedos-github_icedos_cosmic-default-cosmic-manager": "icedos-github_icedos_cosmic-default-cosmic-manager",
        "icedos-github_icedos_desktop": "icedos-github_icedos_desktop",
        "icedos-github_icedos_hardware": "icedos-github_icedos_hardware",
        "icedos-github_icedos_hardware-cachyos-kernel-nix-cachyos-kernel": "icedos-github_icedos_hardware-cachyos-kernel-nix-cachyos-kernel",
        "icedos-github_icedos_providers": "icedos-github_icedos_providers",
        "icedos-github_icedos_tweaks": "icedos-github_icedos_tweaks",
        "icedos-state": "icedos-state",
        "nixpkgs": "nixpkgs_3",
        "nur": "nur"
      }
    },
    "systems": {
      "locked": {
        "lastModified": 1689347949,
        "narHash": "sha256-12tWmuL2zgBgZkdoB6qXZsgJEH9LR3oUgpaQq2RbI80=",
        "owner": "nix-systems",
        "repo": "default-linux",
        "rev": "31732fcf5e8fea42e59c2488ad31a0e651500f68",
        "type": "github"
      },
      "original": {
        "owner": "nix-systems",
        "repo": "default-linux",
        "type": "github"
      }
    },
    "systems_2": {
      "locked": {
        "lastModified": 1689347949,
        "narHash": "sha256-12tWmuL2zgBgZkdoB6qXZsgJEH9LR3oUgpaQq2RbI80=",
        "owner": "nix-systems",
        "repo": "default-linux",
        "rev": "31732fcf5e8fea42e59c2488ad31a0e651500f68",
        "type": "github"
      },
      "original": {
        "owner": "nix-systems",
        "repo": "default-linux",
        "type": "github"
      }
    }
  },
  "root": "root",
  "version": 7
}
